
Microsoft Visual Studio Solution File, Format Version 12.00
# Visual Studio Version 16
VisualStudioVersion = 16.0.31112.23
MinimumVisualStudioVersion = 10.0.40219.1
Project("{9A19103F-16F7-4668-BE54-9A1E7A4F7556}") = "PasswordValidate", "PasswordValidate\PasswordValidate.csproj", "{A893B66A-BF4E-414A-BFCE-9B42318B623E}"
EndProject
Project("{9A19103F-16F7-4668-BE54-9A1E7A4F7556}") = "PasswordValidate.Tests", "PasswordValidate.Tests\PasswordValidate.Tests.csproj", "{F21AF10D-EFD9-48FD-9001-E5AE9712A568}"
EndProject
Global
	GlobalSection(SolutionConfigurationPlatforms) = preSolution
		Debug|Any CPU = Debug|Any CPU
		Release|Any CPU = Release|Any CPU
	EndGlobalSection
	GlobalSection(ProjectConfigurationPlatforms) = postSolution
		{A893B66A-BF4E-414A-BFCE-9B42318B623E}.Debug|Any CPU.ActiveCfg = Debug|Any CPU
		{A893B66A-BF4E-414A-BFCE-9B42318B623E}.Debug|Any CPU.Build.0 = Debug|Any CPU
		{A893B66A-BF4E-414A-BFCE-9B42318B623E}.Release|Any CPU.ActiveCfg = Release|Any CPU
		{A893B66A-BF4E-414A-BFCE-9B42318B623E}.Release|Any CPU.Build.0 = Release|Any CPU
		{F21AF10D-EFD9-48FD-9001-E5AE9712A568}.Debug|Any CPU.ActiveCfg = Debug|Any CPU
		{F21AF10D-EFD9-48FD-9001-E5AE9712A568}.Debug|Any CPU.Build.0 = Debug|Any CPU
		{F21AF10D-EFD9-48FD-9001-E5AE9712A568}.Release|Any CPU.ActiveCfg = Release|Any CPU
		{F21AF10D-EFD9-48FD-9001-E5AE9712A568}.Release|Any CPU.Build.0 = Release|Any CPU
	EndGlobalSection
	GlobalSection(SolutionProperties) = preSolution
		HideSolutionNode = FALSE
	EndGlobalSection
	GlobalSection(ExtensibilityGlobals) = postSolution
		SolutionGuid = {7FA08048-E8CC-4D5E-A441-8989A2193B37}
	EndGlobalSection
EndGlobal
